
Microsoft Visual Studio Solution File, Format Version 12.00
# Visual Studio Version 17
VisualStudioVersion = 17.14.36203.30
MinimumVisualStudioVersion = 10.0.40219.1
Project("{8BC9CEB8-8B4A-11D0-8D11-00A0C91BC942}") = "lab81", "lab81\lab81.vcxproj", "{C532F8D0-9AEB-4BF1-8ACE-61E17F52C744}"
EndProject
Project("{8BC9CEB8-8B4A-11D0-8D11-00A0C91BC942}") = "lab81UnitTest", "lab81UnitTest\lab81UnitTest.vcxproj", "{858559C9-2D6A-8381-E8A9-DBB667F26E63}"
EndProject
Global
	GlobalSection(SolutionConfigurationPlatforms) = preSolution
		Debug|x64 = Debug|x64
		Debug|x86 = Debug|x86
		Release|x64 = Release|x64
		Release|x86 = Release|x86
	EndGlobalSection
	GlobalSection(ProjectConfigurationPlatforms) = postSolution
		{C532F8D0-9AEB-4BF1-8ACE-61E17F52C744}.Debug|x64.ActiveCfg = Debug|x64
		{C532F8D0-9AEB-4BF1-8ACE-61E17F52C744}.Debug|x64.Build.0 = Debug|x64
		{C532F8D0-9AEB-4BF1-8ACE-61E17F52C744}.Debug|x86.ActiveCfg = Debug|Win32
		{C532F8D0-9AEB-4BF1-8ACE-61E17F52C744}.Debug|x86.Build.0 = Debug|Win32
		{C532F8D0-9AEB-4BF1-8ACE-61E17F52C744}.Release|x64.ActiveCfg = Release|x64
		{C532F8D0-9AEB-4BF1-8ACE-61E17F52C744}.Release|x64.Build.0 = Release|x64
		{C532F8D0-9AEB-4BF1-8ACE-61E17F52C744}.Release|x86.ActiveCfg = Release|Win32
		{C532F8D0-9AEB-4BF1-8ACE-61E17F52C744}.Release|x86.Build.0 = Release|Win32
		{858559C9-2D6A-8381-E8A9-DBB667F26E63}.Debug|x64.ActiveCfg = Debug|x64
		{858559C9-2D6A-8381-E8A9-DBB667F26E63}.Debug|x64.Build.0 = Debug|x64
		{858559C9-2D6A-8381-E8A9-DBB667F26E63}.Debug|x86.ActiveCfg = Debug|Win32
		{858559C9-2D6A-8381-E8A9-DBB667F26E63}.Debug|x86.Build.0 = Debug|Win32
		{858559C9-2D6A-8381-E8A9-DBB667F26E63}.Release|x64.ActiveCfg = Release|x64
		{858559C9-2D6A-8381-E8A9-DBB667F26E63}.Release|x64.Build.0 = Release|x64
		{858559C9-2D6A-8381-E8A9-DBB667F26E63}.Release|x86.ActiveCfg = Release|Win32
		{858559C9-2D6A-8381-E8A9-DBB667F26E63}.Release|x86.Build.0 = Release|Win32
	EndGlobalSection
	GlobalSection(SolutionProperties) = preSolution
		HideSolutionNode = FALSE
	EndGlobalSection
	GlobalSection(ExtensibilityGlobals) = postSolution
		SolutionGuid = {832CDB72-122E-4F33-B19A-91E1161508A5}
	EndGlobalSection
EndGlobal
